
Microsoft Visual Studio Solution File, Format Version 12.00
# Visual Studio Version 17
VisualStudioVersion = 17.14.36511.14 d17.14
MinimumVisualStudioVersion = 10.0.40219.1
Project("{FAE04EC0-301F-11D3-BF4B-00C04F79EFBC}") = "LeaveManagementSystem2", "LeaveManagementSystem2.csproj", "{5F48EF83-8D14-4ED4-BD52-444910A5DCDE}"
EndProject
Global
	GlobalSection(SolutionConfigurationPlatforms) = preSolution
		Debug|Any CPU = Debug|Any CPU
		Release|Any CPU = Release|Any CPU
	EndGlobalSection
	GlobalSection(ProjectConfigurationPlatforms) = postSolution
		{5F48EF83-8D14-4ED4-BD52-444910A5DCDE}.Debug|Any CPU.ActiveCfg = Debug|Any CPU
		{5F48EF83-8D14-4ED4-BD52-444910A5DCDE}.Debug|Any CPU.Build.0 = Debug|Any CPU
		{5F48EF83-8D14-4ED4-BD52-444910A5DCDE}.Release|Any CPU.ActiveCfg = Release|Any CPU
		{5F48EF83-8D14-4ED4-BD52-444910A5DCDE}.Release|Any CPU.Build.0 = Release|Any CPU
	EndGlobalSection
	GlobalSection(SolutionProperties) = preSolution
		HideSolutionNode = FALSE
	EndGlobalSection
	GlobalSection(ExtensibilityGlobals) = postSolution
		SolutionGuid = {58BCF6B4-22B8-4A94-8AC2-0D071F20B224}
	EndGlobalSection
EndGlobal
